
Microsoft Visual Studio Solution File, Format Version 12.00
# Visual Studio 2012
Project("{FAE04EC0-301F-11D3-BF4B-00C04F79EFBC}") = "RomanNumeralsKata", "RomanNumeralsKata\RomanNumeralsKata.csproj", "{7B67EE76-80AE-4E03-BEA1-E0B035EB91F1}"
EndProject
Project("{FAE04EC0-301F-11D3-BF4B-00C04F79EFBC}") = "RomanNumeralsKataTests", "RomanNumeralsKataTests\RomanNumeralsKataTests.csproj", "{C554B2B3-7BAD-4C97-A215-F78043DDB4ED}"
EndProject
Global
	GlobalSection(SolutionConfigurationPlatforms) = preSolution
		Debug|Any CPU = Debug|Any CPU
		Release|Any CPU = Release|Any CPU
	EndGlobalSection
	GlobalSection(ProjectConfigurationPlatforms) = postSolution
		{7B67EE76-80AE-4E03-BEA1-E0B035EB91F1}.Debug|Any CPU.ActiveCfg = Debug|Any CPU
		{7B67EE76-80AE-4E03-BEA1-E0B035EB91F1}.Debug|Any CPU.Build.0 = Debug|Any CPU
		{7B67EE76-80AE-4E03-BEA1-E0B035EB91F1}.Release|Any CPU.ActiveCfg = Release|Any CPU
		{7B67EE76-80AE-4E03-BEA1-E0B035EB91F1}.Release|Any CPU.Build.0 = Release|Any CPU
		{C554B2B3-7BAD-4C97-A215-F78043DDB4ED}.Debug|Any CPU.ActiveCfg = Debug|Any CPU
		{C554B2B3-7BAD-4C97-A215-F78043DDB4ED}.Debug|Any CPU.Build.0 = Debug|Any CPU
		{C554B2B3-7BAD-4C97-A215-F78043DDB4ED}.Release|Any CPU.ActiveCfg = Release|Any CPU
		{C554B2B3-7BAD-4C97-A215-F78043DDB4ED}.Release|Any CPU.Build.0 = Release|Any CPU
	EndGlobalSection
	GlobalSection(SolutionProperties) = preSolution
		HideSolutionNode = FALSE
	EndGlobalSection
EndGlobal
